{
  "name": "preregistry-canonical-spike",
  "lockfileVersion": 3,
  "requires": true,
  "packages": {
    "": {
      "name": "preregistry-canonical-spike",
      "dependencies": {
        "@noble/hashes": "2.0.1",
        "cbor": "10.0.12",
        "json-canonicalize": "3.0.1",
        "node": "22.23.3"
      }
    },
    "node_modules/@noble/hashes": {
      "version": "2.0.1",
      "resolved": "https://registry.npmjs.org/@noble/hashes/-/hashes-2.0.1.tgz",
      "integrity": "sha512-XlOlEbQcE9fmuXxrVTXCTlG2nlRXa9Rj3rr5Ue/+tX+nmkgbX720YHh0VR3hBF9xDvwnb8D2shVGOwNx+ulArw==",
      "license": "MIT",
      "engines": {
        "node": ">= 20.19.0"
      },
      "funding": {
        "url": "https://paulmillr.com/funding/"
      }
    },
    "node_modules/cbor": {
      "version": "10.0.12",
      "resolved": "https://registry.npmjs.org/cbor/-/cbor-10.0.12.tgz",
      "integrity": "sha512-exQDevYd7ZQLP4moMQcZkKCVZsXLAtUSflObr3xTh4xzFIv/xBCdvCd6L259kQOUP2kcTC0jvC6PpZIf/WmRXA==",
      "license": "MIT",
      "dependencies": {
        "nofilter": "^3.0.2"
      },
      "engines": {
        "node": ">=20"
      }
    },
    "node_modules/json-canonicalize": {
      "version": "3.0.1",
      "resolved": "https://registry.npmjs.org/json-canonicalize/-/json-canonicalize-3.0.1.tgz",
      "integrity": "sha512-xEzkTucfHhDooWOSMOvrlll9oTk6/mXZIerF2DFWA2chHZsnc2zrmAKjVOyDbSYHr0e3Djx9F89nZ3U2Bn+lSw==",
      "license": "MIT",
      "engines": {
        "node": ">=8.5"
      }
    },
    "node_modules/node": {
      "version": "22.23.3",
      "resolved": "https://registry.npmjs.org/node/-/node-22.23.3.tgz",
      "integrity": "sha512-DefCzy9Twv55AA4RQcOnUd6iQtqmnsJ6twWGasZ33F7BKJEMUJ1KVoumiVSRRNVRHKhBtsoPTvNKMxsE1TG0+Q==",
      "hasInstallScript": true,
      "license": "MIT",
      "dependencies": {
        "node-bin-setup": "^1.0.0"
      },
      "bin": {
        "node": "bin/node"
      },
      "engines": {
        "npm": ">=5.0.0"
      }
    },
    "node_modules/node-bin-setup": {
      "version": "1.1.4",
      "resolved": "https://registry.npmjs.org/node-bin-setup/-/node-bin-setup-1.1.4.tgz",
      "integrity": "sha512-vWNHOne0ZUavArqPP5LJta50+S8R261Fr5SvGul37HbEDcowvLjwdvd0ZeSr0r2lTSrPxl6okq9QUw8BFGiAxA==",
      "license": "ISC"
    },
    "node_modules/nofilter": {
      "version": "3.1.0",
      "resolved": "https://registry.npmjs.org/nofilter/-/nofilter-3.1.0.tgz",
      "integrity": "sha512-l2NNj07e9afPnhAhvgVrCD/oy2Ai1yfLpuo3EpiO1jFTsB4sFz6oIfAfSZyQzVpkZQ9xS8ZS5g1jCBgq4Hwo0g==",
      "license": "MIT",
      "engines": {
        "node": ">=12.19"
      }
    }
  }
}
